{
  "name": "polix",
  "version": "0.0.1",
  "lockfileVersion": 1,
  "requires": true,
  "dependencies": {
    "lockx": {
      "version": "0.0.4",
      "resolved": "https://registry.npmjs.org/lockx/-/lockx-0.0.4.tgz",
      "integrity": "sha512-NpLso8Uz1YLRaHOYnhqt+aN37/VuZFZkrM+H3MX94XPEZ/z71O8zLsbZNlRrDjEj0jH8CR/kHcE3PTBRF6teLA=="
    }
  }
}
